
Microsoft Visual Studio Solution File, Format Version 12.00
# Visual Studio Version 16
VisualStudioVersion = 16.0.31402.337
MinimumVisualStudioVersion = 10.0.40219.1
Project("{888888A0-9F3D-457C-B088-3A5042F75D52}") = "GUIExamples", "GUIExamples\GUIExamples.pyproj", "{C622AFB9-1EED-4ED9-90EE-C9AB8F61D73B}"
EndProject
Global
	GlobalSection(SolutionConfigurationPlatforms) = preSolution
		Debug|Any CPU = Debug|Any CPU
		Release|Any CPU = Release|Any CPU
	EndGlobalSection
	GlobalSection(ProjectConfigurationPlatforms) = postSolution
		{C622AFB9-1EED-4ED9-90EE-C9AB8F61D73B}.Debug|Any CPU.ActiveCfg = Debug|Any CPU
		{C622AFB9-1EED-4ED9-90EE-C9AB8F61D73B}.Release|Any CPU.ActiveCfg = Release|Any CPU
	EndGlobalSection
	GlobalSection(SolutionProperties) = preSolution
		HideSolutionNode = FALSE
	EndGlobalSection
	GlobalSection(ExtensibilityGlobals) = postSolution
		SolutionGuid = {CE02D413-BD47-4A73-9890-7D346C642DAC}
	EndGlobalSection
EndGlobal
